<?xml version="1.0" encoding="utf-8"?>
<Project ToolsVersion="4.0" xmlns="http://schemas.microsoft.com/developer/msbuild/2003">
  <ItemGroup>
    <Filter Include="Source Files">
      <UniqueIdentifier>{4FC737F1-C7A5-4376-A066-2A32D752A2FF}</UniqueIdentifier>
      <Extensions>cpp;c;cc;cxx;c++;cppm;ixx;def;odl;idl;hpj;bat;asm;asmx</Extensions>
    </Filter>
    <Filter Include="Header Files">
      <UniqueIdentifier>{93995380-89BD-4b04-88EB-625FBE52EBFB}</UniqueIdentifier>
      <Extensions>h;hh;hpp;hxx;h++;hm;inl;inc;ipp;xsd</Extensions>
    </Filter>
    <Filter Include="Header Files\Contents">
      <UniqueIdentifier>{9c7db3e6-df22-4e6a-98f9-224da604eef2}</UniqueIdentifier>
    </Filter>
    <Filter Include="Header Files\Protocol">
      <UniqueIdentifier>{71dfa89b-30e2-47ef-972d-74215ecfec3d}</UniqueIdentifier>
    </Filter>
    <Filter Include="Header Files\Session">
      <UniqueIdentifier>{5bc70d0b-dc4f-45c2-bc9c-3ea8c8854082}</UniqueIdentifier>
    </Filter>
    <Filter Include="Source Files\Contents">
      <UniqueIdentifier>{713c3330-2993-477c-91c2-4955b85a60b8}</UniqueIdentifier>
    </Filter>
    <Filter Include="Source Files\Protocol">
      <UniqueIdentifier>{c0f26d17-4ec3-4de5-8f8b-07709a58fb6e}</UniqueIdentifier>
    </Filter>
    <Filter Include="Source Files\Session">
      <UniqueIdentifier>{3bb3601a-b266-43f7-9c4c-7e1e0eb3cd7d}</UniqueIdentifier>
    </Filter>
  </ItemGroup>
  <ItemGroup>
    <ClCompile Include="IOCPServer.cpp">
      <Filter>Source Files</Filter>
    </ClCompile>
    <ClCompile Include="Contents\Player.cpp">
      <Filter>Source Files\Contents</Filter>
    </ClCompile>
    <ClCompile Include="Contents\Room.cpp">
      <Filter>Source Files\Contents</Filter>
    </ClCompile>
    <ClCompile Include="Contents\Sector.cpp">
      <Filter>Source Files\Contents</Filter>
    </ClCompile>
    <ClCompile Include="Contents\Zone.cpp">
      <Filter>Source Files\Contents</Filter>
    </ClCompile>
    <ClCompile Include="Session\IocpServerSession.cpp">
      <Filter>Source Files\Session</Filter>
    </ClCompile>
    <ClCompile Include="Session\ServerPacketHandler.cpp">
      <Filter>Source Files\Session</Filter>
    </ClCompile>
    <ClCompile Include="Protocol\Protocol.pb.cc">
      <Filter>Source Files\Protocol</Filter>
    </ClCompile>
  </ItemGroup>
  <ItemGroup>
    <ClInclude Include="Contents\Player.h">
      <Filter>Header Files\Contents</Filter>
    </ClInclude>
    <ClInclude Include="Contents\Room.h">
      <Filter>Header Files\Contents</Filter>
    </ClInclude>
    <ClInclude Include="Contents\Sector.h">
      <Filter>Header Files\Contents</Filter>
    </ClInclude>
    <ClInclude Include="Contents\Zone.h">
      <Filter>Header Files\Contents</Filter>
    </ClInclude>
    <ClInclude Include="Session\IocpServerSession.h">
      <Filter>Header Files\Session</Filter>
    </ClInclude>
    <ClInclude Include="Session\ServerPacketHandler.h">
      <Filter>Header Files\Session</Filter>
    </ClInclude>
    <ClInclude Include="Protocol\Protocol.pb.h">
      <Filter>Header Files\Protocol</Filter>
    </ClInclude>
    <ClInclude Include="IOCPServerCommon.h">
      <Filter>Source Files</Filter>
    </ClInclude>
  </ItemGroup>
</Project>