<?xml version="1.0" encoding="utf-8"?>
<Project ToolsVersion="4.0" xmlns="http://schemas.microsoft.com/developer/msbuild/2003">
  <ItemGroup>
    <Filter Include="Source Files">
      <UniqueIdentifier>{4FC737F1-C7A5-4376-A066-2A32D752A2FF}</UniqueIdentifier>
      <Extensions>cpp;c;cc;cxx;c++;cppm;ixx;def;odl;idl;hpj;bat;asm;asmx</Extensions>
    </Filter>
    <Filter Include="Header Files">
      <UniqueIdentifier>{93995380-89BD-4b04-88EB-625FBE52EBFB}</UniqueIdentifier>
      <Extensions>h;hh;hpp;hxx;h++;hm;inl;inc;ipp;xsd</Extensions>
    </Filter>
    <Filter Include="Header Files\StressTest">
      <UniqueIdentifier>{a48aa7c0-3b50-44c8-a1cc-0e588e96cace}</UniqueIdentifier>
    </Filter>
    <Filter Include="Header Files\Session">
      <UniqueIdentifier>{9b9c92d5-1cb1-472c-8d97-f8475ab550c8}</UniqueIdentifier>
    </Filter>
    <Filter Include="Source Files\Session">
      <UniqueIdentifier>{c1a42788-8b36-4d99-af61-cd1aaa149a13}</UniqueIdentifier>
    </Filter>
    <Filter Include="Source Files\StressTest">
      <UniqueIdentifier>{ff295dfb-49b1-4d03-99aa-9bdf78dcc3c9}</UniqueIdentifier>
    </Filter>
    <Filter Include="Header Files\Protocol">
      <UniqueIdentifier>{f277d4ad-0631-498b-806d-8270a2883f57}</UniqueIdentifier>
    </Filter>
    <Filter Include="Source Files\Protocol">
      <UniqueIdentifier>{50681bf8-76fe-492f-b732-abde7416945c}</UniqueIdentifier>
    </Filter>
  </ItemGroup>
  <ItemGroup>
    <ClInclude Include="Session\ClientPacketHandler.h">
      <Filter>Header Files\Session</Filter>
    </ClInclude>
    <ClInclude Include="Session\ClientSession.h">
      <Filter>Header Files\Session</Filter>
    </ClInclude>
    <ClInclude Include="DummyClientCommon.h">
      <Filter>Header Files</Filter>
    </ClInclude>
    <ClInclude Include="StressTest\DelayManager.h">
      <Filter>Header Files\StressTest</Filter>
    </ClInclude>
    <ClInclude Include="StressTest\StressTestClient.h">
      <Filter>Header Files\StressTest</Filter>
    </ClInclude>
    <ClInclude Include="StressTest\TestSessionManager.h">
      <Filter>Header Files\StressTest</Filter>
    </ClInclude>
    <ClInclude Include="Protocol\Protocol.pb.h">
      <Filter>Header Files\Protocol</Filter>
    </ClInclude>
  </ItemGroup>
  <ItemGroup>
    <ClCompile Include="Session\ClientPacketHandler.cpp">
      <Filter>Source Files\Session</Filter>
    </ClCompile>
    <ClCompile Include="Session\ClientSession.cpp">
      <Filter>Source Files\Session</Filter>
    </ClCompile>
    <ClCompile Include="StressTest\DelayManager.cpp">
      <Filter>Source Files\StressTest</Filter>
    </ClCompile>
    <ClCompile Include="StressTest\StressTestClient.cpp">
      <Filter>Source Files\StressTest</Filter>
    </ClCompile>
    <ClCompile Include="StressTest\TestSessionManager.cpp">
      <Filter>Source Files\StressTest</Filter>
    </ClCompile>
    <ClCompile Include="DummyClient.cpp">
      <Filter>Source Files</Filter>
    </ClCompile>
    <ClCompile Include="Protocol\Protocol.pb.cc">
      <Filter>Source Files\Protocol</Filter>
    </ClCompile>
  </ItemGroup>
</Project>