
Microsoft Visual Studio Solution File, Format Version 12.00
# Visual Studio Version 16
VisualStudioVersion = 16.0.33328.57
MinimumVisualStudioVersion = 10.0.40219.1
Project("{8BC9CEB8-8B4A-11D0-8D11-00A0C91BC942}") = "Server", "Server\Server.vcxproj", "{D39CDEB9-DAD4-4DC0-98C4-6A6AED5A6E9A}"
EndProject
Project("{8BC9CEB8-8B4A-11D0-8D11-00A0C91BC942}") = "TestClient", "TestClient\TestClient.vcxproj", "{93130762-DB0F-4D53-AE4F-67230422DCE8}"
EndProject
Global
	GlobalSection(SolutionConfigurationPlatforms) = preSolution
		Debug|x64 = Debug|x64
		Debug|x86 = Debug|x86
		Release|x64 = Release|x64
		Release|x86 = Release|x86
	EndGlobalSection
	GlobalSection(ProjectConfigurationPlatforms) = postSolution
		{D39CDEB9-DAD4-4DC0-98C4-6A6AED5A6E9A}.Debug|x64.ActiveCfg = Debug|x64
		{D39CDEB9-DAD4-4DC0-98C4-6A6AED5A6E9A}.Debug|x64.Build.0 = Debug|x64
		{D39CDEB9-DAD4-4DC0-98C4-6A6AED5A6E9A}.Debug|x86.ActiveCfg = Debug|Win32
		{D39CDEB9-DAD4-4DC0-98C4-6A6AED5A6E9A}.Debug|x86.Build.0 = Debug|Win32
		{D39CDEB9-DAD4-4DC0-98C4-6A6AED5A6E9A}.Release|x64.ActiveCfg = Release|x64
		{D39CDEB9-DAD4-4DC0-98C4-6A6AED5A6E9A}.Release|x64.Build.0 = Release|x64
		{D39CDEB9-DAD4-4DC0-98C4-6A6AED5A6E9A}.Release|x86.ActiveCfg = Release|Win32
		{D39CDEB9-DAD4-4DC0-98C4-6A6AED5A6E9A}.Release|x86.Build.0 = Release|Win32
		{93130762-DB0F-4D53-AE4F-67230422DCE8}.Debug|x64.ActiveCfg = Debug|x64
		{93130762-DB0F-4D53-AE4F-67230422DCE8}.Debug|x64.Build.0 = Debug|x64
		{93130762-DB0F-4D53-AE4F-67230422DCE8}.Debug|x86.ActiveCfg = Debug|Win32
		{93130762-DB0F-4D53-AE4F-67230422DCE8}.Debug|x86.Build.0 = Debug|Win32
		{93130762-DB0F-4D53-AE4F-67230422DCE8}.Release|x64.ActiveCfg = Release|x64
		{93130762-DB0F-4D53-AE4F-67230422DCE8}.Release|x64.Build.0 = Release|x64
		{93130762-DB0F-4D53-AE4F-67230422DCE8}.Release|x86.ActiveCfg = Release|Win32
		{93130762-DB0F-4D53-AE4F-67230422DCE8}.Release|x86.Build.0 = Release|Win32
	EndGlobalSection
	GlobalSection(SolutionProperties) = preSolution
		HideSolutionNode = FALSE
	EndGlobalSection
	GlobalSection(ExtensibilityGlobals) = postSolution
		SolutionGuid = {4C1A236A-36C3-4818-BDF4-6FD5ADD97708}
	EndGlobalSection
EndGlobal
