
Microsoft Visual Studio Solution File, Format Version 12.00
# Visual Studio Version 17
VisualStudioVersion = 17.6.33829.357
MinimumVisualStudioVersion = 10.0.40219.1
Project("{8BC9CEB8-8B4A-11D0-8D11-00A0C91BC942}") = "ServerCore", "ServerCore\ServerCore.vcxproj", "{17E23352-CEC2-4132-B40E-CACB7E84CBBE}"
EndProject
Project("{8BC9CEB8-8B4A-11D0-8D11-00A0C91BC942}") = "DummyClient", "DummyClient\DummyClient.vcxproj", "{E4B4719C-972B-441D-BCFA-EBD68F867645}"
EndProject
Project("{8BC9CEB8-8B4A-11D0-8D11-00A0C91BC942}") = "RIOIOCPServer", "RIOIOCPServer\RIOIOCPServer.vcxproj", "{E78560E1-0D36-4312-B409-34D0043565E5}"
EndProject
Global
	GlobalSection(SolutionConfigurationPlatforms) = preSolution
		Debug|x64 = Debug|x64
		Debug|x86 = Debug|x86
		Release|x64 = Release|x64
		Release|x86 = Release|x86
	EndGlobalSection
	GlobalSection(ProjectConfigurationPlatforms) = postSolution
		{17E23352-CEC2-4132-B40E-CACB7E84CBBE}.Debug|x64.ActiveCfg = Debug|x64
		{17E23352-CEC2-4132-B40E-CACB7E84CBBE}.Debug|x64.Build.0 = Debug|x64
		{17E23352-CEC2-4132-B40E-CACB7E84CBBE}.Debug|x86.ActiveCfg = Debug|Win32
		{17E23352-CEC2-4132-B40E-CACB7E84CBBE}.Debug|x86.Build.0 = Debug|Win32
		{17E23352-CEC2-4132-B40E-CACB7E84CBBE}.Release|x64.ActiveCfg = Release|x64
		{17E23352-CEC2-4132-B40E-CACB7E84CBBE}.Release|x64.Build.0 = Release|x64
		{17E23352-CEC2-4132-B40E-CACB7E84CBBE}.Release|x86.ActiveCfg = Release|Win32
		{17E23352-CEC2-4132-B40E-CACB7E84CBBE}.Release|x86.Build.0 = Release|Win32
		{E4B4719C-972B-441D-BCFA-EBD68F867645}.Debug|x64.ActiveCfg = Debug|x64
		{E4B4719C-972B-441D-BCFA-EBD68F867645}.Debug|x64.Build.0 = Debug|x64
		{E4B4719C-972B-441D-BCFA-EBD68F867645}.Debug|x86.ActiveCfg = Debug|Win32
		{E4B4719C-972B-441D-BCFA-EBD68F867645}.Debug|x86.Build.0 = Debug|Win32
		{E4B4719C-972B-441D-BCFA-EBD68F867645}.Release|x64.ActiveCfg = Release|x64
		{E4B4719C-972B-441D-BCFA-EBD68F867645}.Release|x64.Build.0 = Release|x64
		{E4B4719C-972B-441D-BCFA-EBD68F867645}.Release|x86.ActiveCfg = Release|Win32
		{E4B4719C-972B-441D-BCFA-EBD68F867645}.Release|x86.Build.0 = Release|Win32
		{E78560E1-0D36-4312-B409-34D0043565E5}.Debug|x64.ActiveCfg = Debug|x64
		{E78560E1-0D36-4312-B409-34D0043565E5}.Debug|x64.Build.0 = Debug|x64
		{E78560E1-0D36-4312-B409-34D0043565E5}.Debug|x86.ActiveCfg = Debug|Win32
		{E78560E1-0D36-4312-B409-34D0043565E5}.Debug|x86.Build.0 = Debug|Win32
		{E78560E1-0D36-4312-B409-34D0043565E5}.Release|x64.ActiveCfg = Release|x64
		{E78560E1-0D36-4312-B409-34D0043565E5}.Release|x64.Build.0 = Release|x64
		{E78560E1-0D36-4312-B409-34D0043565E5}.Release|x86.ActiveCfg = Release|Win32
		{E78560E1-0D36-4312-B409-34D0043565E5}.Release|x86.Build.0 = Release|Win32
	EndGlobalSection
	GlobalSection(SolutionProperties) = preSolution
		HideSolutionNode = FALSE
	EndGlobalSection
	GlobalSection(ExtensibilityGlobals) = postSolution
		SolutionGuid = {4C1A236A-36C3-4818-BDF4-6FD5ADD97708}
	EndGlobalSection
EndGlobal
