<?xml version="1.0" encoding="utf-8"?>
<Project ToolsVersion="4.0" xmlns="http://schemas.microsoft.com/developer/msbuild/2003">
  <ItemGroup>
    <Filter Include="Source Files">
      <UniqueIdentifier>{4FC737F1-C7A5-4376-A066-2A32D752A2FF}</UniqueIdentifier>
      <Extensions>cpp;c;cc;cxx;c++;cppm;ixx;def;odl;idl;hpj;bat;asm;asmx</Extensions>
    </Filter>
    <Filter Include="Header Files">
      <UniqueIdentifier>{93995380-89BD-4b04-88EB-625FBE52EBFB}</UniqueIdentifier>
      <Extensions>h;hh;hpp;hxx;h++;hm;inl;inc;ipp;xsd</Extensions>
    </Filter>
    <Filter Include="Header Files\Contents">
      <UniqueIdentifier>{77e9523c-021c-476f-8ed1-e9b7dd92d20a}</UniqueIdentifier>
    </Filter>
    <Filter Include="Header Files\Session">
      <UniqueIdentifier>{f87c7fb3-0459-41f5-8dba-70b4194681b9}</UniqueIdentifier>
    </Filter>
    <Filter Include="Header Files\Protocol">
      <UniqueIdentifier>{64e9d8e6-3bb2-44cf-af65-75139d820b85}</UniqueIdentifier>
    </Filter>
    <Filter Include="Source Files\Contents">
      <UniqueIdentifier>{311cf9bb-274c-48eb-948a-a6abcab73bf6}</UniqueIdentifier>
    </Filter>
    <Filter Include="Source Files\Protocol">
      <UniqueIdentifier>{9b532eb7-3f26-4118-8901-2c4c62c0ebfa}</UniqueIdentifier>
    </Filter>
    <Filter Include="Source Files\Session">
      <UniqueIdentifier>{8d47063f-afc3-4581-85e8-e6f597f1dac9}</UniqueIdentifier>
    </Filter>
  </ItemGroup>
  <ItemGroup>
    <ClCompile Include="RIOServer.cpp">
      <Filter>Source Files</Filter>
    </ClCompile>
    <ClCompile Include="Session\RioServerSession.cpp">
      <Filter>Source Files\Session</Filter>
    </ClCompile>
    <ClCompile Include="Contents\Player.cpp">
      <Filter>Source Files\Contents</Filter>
    </ClCompile>
    <ClCompile Include="Contents\Room.cpp">
      <Filter>Source Files\Contents</Filter>
    </ClCompile>
    <ClCompile Include="Contents\Sector.cpp">
      <Filter>Source Files\Contents</Filter>
    </ClCompile>
    <ClCompile Include="Contents\Zone.cpp">
      <Filter>Source Files\Contents</Filter>
    </ClCompile>
    <ClCompile Include="Protocol\Protocol.pb.cc">
      <Filter>Source Files\Protocol</Filter>
    </ClCompile>
    <ClCompile Include="Session\ServerPacketHandler.cpp">
      <Filter>Source Files\Session</Filter>
    </ClCompile>
  </ItemGroup>
  <ItemGroup>
    <ClInclude Include="Session\RioServerSession.h">
      <Filter>Header Files\Session</Filter>
    </ClInclude>
    <ClInclude Include="Contents\Player.h">
      <Filter>Header Files\Contents</Filter>
    </ClInclude>
    <ClInclude Include="Contents\Room.h">
      <Filter>Header Files\Contents</Filter>
    </ClInclude>
    <ClInclude Include="Contents\Sector.h">
      <Filter>Header Files\Contents</Filter>
    </ClInclude>
    <ClInclude Include="Contents\Zone.h">
      <Filter>Header Files\Contents</Filter>
    </ClInclude>
    <ClInclude Include="Protocol\Protocol.pb.h">
      <Filter>Header Files\Protocol</Filter>
    </ClInclude>
    <ClInclude Include="Session\ServerPacketHandler.h">
      <Filter>Header Files\Session</Filter>
    </ClInclude>
    <ClInclude Include="ServerCommon.h">
      <Filter>Header Files</Filter>
    </ClInclude>
  </ItemGroup>
</Project>