<?xml version="1.0" encoding="utf-8"?>
<Project ToolsVersion="4.0" xmlns="http://schemas.microsoft.com/developer/msbuild/2003">
  <ItemGroup>
    <Filter Include="Header Files">
      <UniqueIdentifier>{464b3144-7dba-47d2-ad79-16820e1247ed}</UniqueIdentifier>
    </Filter>
    <Filter Include="Source Files">
      <UniqueIdentifier>{90dbfde5-d2f4-44d0-aa5f-30d2bb3ef0cc}</UniqueIdentifier>
    </Filter>
    <Filter Include="Header Files\Network">
      <UniqueIdentifier>{575e2d02-dc39-4d57-8488-b837308780c0}</UniqueIdentifier>
    </Filter>
    <Filter Include="Source Files\Network">
      <UniqueIdentifier>{0ea3acea-9318-4c4a-8e04-0cda6a777508}</UniqueIdentifier>
    </Filter>
    <Filter Include="Header Files\Contents">
      <UniqueIdentifier>{ea9afd33-c5b2-48d3-85a6-e31ddb00c7f8}</UniqueIdentifier>
    </Filter>
    <Filter Include="Source Files\Contents">
      <UniqueIdentifier>{aad9a708-5c50-42da-940f-02c9b8fd1093}</UniqueIdentifier>
    </Filter>
  </ItemGroup>
  <ItemGroup>
    <ClCompile Include="Server.cpp">
      <Filter>Source Files</Filter>
    </ClCompile>
    <ClCompile Include="StressTestServer.cpp">
      <Filter>Source Files</Filter>
    </ClCompile>
    <ClCompile Include="IocpServerSession.cpp">
      <Filter>Source Files\Network</Filter>
    </ClCompile>
    <ClCompile Include="RioServerSession.cpp">
      <Filter>Source Files\Network</Filter>
    </ClCompile>
    <ClCompile Include="ServerPacketHandler.cpp">
      <Filter>Source Files\Network</Filter>
    </ClCompile>
    <ClCompile Include="Player.cpp">
      <Filter>Source Files\Contents</Filter>
    </ClCompile>
    <ClCompile Include="Room.cpp">
      <Filter>Source Files\Contents</Filter>
    </ClCompile>
    <ClCompile Include="RoomOrigin.cpp">
      <Filter>Source Files\Contents</Filter>
    </ClCompile>
  </ItemGroup>
  <ItemGroup>
    <ClInclude Include="Common.h">
      <Filter>Header Files</Filter>
    </ClInclude>
    <ClInclude Include="StressTestServer.h">
      <Filter>Header Files</Filter>
    </ClInclude>
    <ClInclude Include="IocpServerSession.h">
      <Filter>Header Files\Network</Filter>
    </ClInclude>
    <ClInclude Include="RioServerSession.h">
      <Filter>Header Files\Network</Filter>
    </ClInclude>
    <ClInclude Include="ServerPacketHandler.h">
      <Filter>Header Files\Network</Filter>
    </ClInclude>
    <ClInclude Include="Room.h">
      <Filter>Header Files\Contents</Filter>
    </ClInclude>
    <ClInclude Include="Player.h">
      <Filter>Header Files\Contents</Filter>
    </ClInclude>
    <ClInclude Include="JobQueue.h">
      <Filter>Header Files\Contents</Filter>
    </ClInclude>
    <ClInclude Include="Job.h">
      <Filter>Header Files\Contents</Filter>
    </ClInclude>
    <ClInclude Include="RoomOrigin.h">
      <Filter>Header Files\Contents</Filter>
    </ClInclude>
  </ItemGroup>
</Project>