<?xml version="1.0" encoding="utf-8"?>
<Project ToolsVersion="4.0" xmlns="http://schemas.microsoft.com/developer/msbuild/2003">
  <ItemGroup>
    <Filter Include="Header Files">
      <UniqueIdentifier>{bf59ad85-cd3f-4871-99b1-8383878a550b}</UniqueIdentifier>
    </Filter>
    <Filter Include="Source Files">
      <UniqueIdentifier>{7b5424df-f22d-4580-b7ad-fca4f9080437}</UniqueIdentifier>
    </Filter>
    <Filter Include="Header Files\Network">
      <UniqueIdentifier>{be98fcf7-c17d-4350-91f4-84af2e233ffc}</UniqueIdentifier>
    </Filter>
    <Filter Include="Source Files\Network">
      <UniqueIdentifier>{63c7a881-8e74-4c54-aac9-db6f00e2a549}</UniqueIdentifier>
    </Filter>
    <Filter Include="Header Files\Network\IOCP">
      <UniqueIdentifier>{545e7f55-650b-4f3e-8117-41e6a92e5a70}</UniqueIdentifier>
    </Filter>
    <Filter Include="Source Files\Network\IOCP">
      <UniqueIdentifier>{ba0a0c1f-ed0e-4dab-b2e8-b347254f5d3e}</UniqueIdentifier>
    </Filter>
  </ItemGroup>
  <ItemGroup>
    <ClInclude Include="CoreCommon.h">
      <Filter>Header Files</Filter>
    </ClInclude>
    <ClInclude Include="Common.h">
      <Filter>Header Files</Filter>
    </ClInclude>
    <ClInclude Include="Network\SocketCore.h">
      <Filter>Header Files\Network</Filter>
    </ClInclude>
    <ClInclude Include="Network\SockAddress.h">
      <Filter>Header Files\Network</Filter>
    </ClInclude>
    <ClInclude Include="Network\IocpCore.h">
      <Filter>Header Files\Network\IOCP</Filter>
    </ClInclude>
    <ClInclude Include="Network\IocpEvent.h">
      <Filter>Header Files\Network\IOCP</Filter>
    </ClInclude>
    <ClInclude Include="Network\IocpListener.h">
      <Filter>Header Files\Network\IOCP</Filter>
    </ClInclude>
    <ClInclude Include="Network\IocpSession.h">
      <Filter>Header Files\Network\IOCP</Filter>
    </ClInclude>
  </ItemGroup>
  <ItemGroup>
    <ClCompile Include="Common.cpp">
      <Filter>Source Files</Filter>
    </ClCompile>
    <ClCompile Include="CoreCommon.cpp">
      <Filter>Source Files</Filter>
    </ClCompile>
    <ClCompile Include="Network\SocketCore.cpp">
      <Filter>Source Files\Network</Filter>
    </ClCompile>
    <ClCompile Include="Network\SockAddress.cpp">
      <Filter>Source Files\Network</Filter>
    </ClCompile>
    <ClCompile Include="Network\IocpCore.cpp">
      <Filter>Source Files\Network\IOCP</Filter>
    </ClCompile>
    <ClCompile Include="Network\IocpEvent.cpp">
      <Filter>Source Files\Network\IOCP</Filter>
    </ClCompile>
    <ClCompile Include="Network\IocpListener.cpp">
      <Filter>Source Files\Network\IOCP</Filter>
    </ClCompile>
    <ClCompile Include="Network\IocpSession.cpp">
      <Filter>Source Files\Network\IOCP</Filter>
    </ClCompile>
  </ItemGroup>
</Project>