<?xml version="1.0" encoding="utf-8"?>
<Project ToolsVersion="4.0" xmlns="http://schemas.microsoft.com/developer/msbuild/2003">
  <ItemGroup>
    <Filter Include="Header Files">
      <UniqueIdentifier>{bf59ad85-cd3f-4871-99b1-8383878a550b}</UniqueIdentifier>
    </Filter>
    <Filter Include="Source Files">
      <UniqueIdentifier>{7b5424df-f22d-4580-b7ad-fca4f9080437}</UniqueIdentifier>
    </Filter>
    <Filter Include="Header Files\Network">
      <UniqueIdentifier>{be98fcf7-c17d-4350-91f4-84af2e233ffc}</UniqueIdentifier>
    </Filter>
    <Filter Include="Source Files\Network">
      <UniqueIdentifier>{63c7a881-8e74-4c54-aac9-db6f00e2a549}</UniqueIdentifier>
    </Filter>
    <Filter Include="Header Files\Network\IOCP">
      <UniqueIdentifier>{545e7f55-650b-4f3e-8117-41e6a92e5a70}</UniqueIdentifier>
    </Filter>
    <Filter Include="Source Files\Network\IOCP">
      <UniqueIdentifier>{ba0a0c1f-ed0e-4dab-b2e8-b347254f5d3e}</UniqueIdentifier>
    </Filter>
    <Filter Include="Header Files\Network\RIO">
      <UniqueIdentifier>{9e413b80-b9dd-459d-b75b-834caec6fe99}</UniqueIdentifier>
    </Filter>
    <Filter Include="Source Files\Network\RIO">
      <UniqueIdentifier>{3debe47f-37af-456c-9730-82503df53d41}</UniqueIdentifier>
    </Filter>
    <Filter Include="Header Files\Utils">
      <UniqueIdentifier>{8bef0fc7-bcae-466f-8101-11cc234c851a}</UniqueIdentifier>
    </Filter>
    <Filter Include="Source Files\Utils">
      <UniqueIdentifier>{da022053-f8a1-49bd-b454-267ad40d63e8}</UniqueIdentifier>
    </Filter>
    <Filter Include="Header Files\Thread">
      <UniqueIdentifier>{8ce02b9b-6c16-4a98-ae4e-604096334575}</UniqueIdentifier>
    </Filter>
    <Filter Include="Source Files\Thread">
      <UniqueIdentifier>{f4d7d278-c55f-4a7c-8614-98de2f0627dc}</UniqueIdentifier>
    </Filter>
    <Filter Include="Header Files\Memory">
      <UniqueIdentifier>{13c3d166-63e3-47a0-8c2a-dedd4cee12d8}</UniqueIdentifier>
    </Filter>
    <Filter Include="Source Files\Memory">
      <UniqueIdentifier>{a2bf0775-b269-4705-8de7-017a58b623cb}</UniqueIdentifier>
    </Filter>
  </ItemGroup>
  <ItemGroup>
    <ClInclude Include="CoreCommon.h">
      <Filter>Header Files</Filter>
    </ClInclude>
    <ClInclude Include="Common.h">
      <Filter>Header Files</Filter>
    </ClInclude>
    <ClInclude Include="Network\SocketCore.h">
      <Filter>Header Files\Network</Filter>
    </ClInclude>
    <ClInclude Include="Network\SockAddress.h">
      <Filter>Header Files\Network</Filter>
    </ClInclude>
    <ClInclude Include="Network\IocpCore.h">
      <Filter>Header Files\Network\IOCP</Filter>
    </ClInclude>
    <ClInclude Include="Network\IocpEvent.h">
      <Filter>Header Files\Network\IOCP</Filter>
    </ClInclude>
    <ClInclude Include="Network\IocpListener.h">
      <Filter>Header Files\Network\IOCP</Filter>
    </ClInclude>
    <ClInclude Include="Network\IocpSession.h">
      <Filter>Header Files\Network\IOCP</Filter>
    </ClInclude>
    <ClInclude Include="Network\IocpServer.h">
      <Filter>Header Files\Network\IOCP</Filter>
    </ClInclude>
    <ClInclude Include="Network\RecvBuffer.h">
      <Filter>Header Files\Network</Filter>
    </ClInclude>
    <ClInclude Include="Network\IocpService.h">
      <Filter>Header Files\Network\IOCP</Filter>
    </ClInclude>
    <ClInclude Include="Network\IocpClient.h">
      <Filter>Header Files\Network\IOCP</Filter>
    </ClInclude>
    <ClInclude Include="Network\SendBuffer.h">
      <Filter>Header Files\Network</Filter>
    </ClInclude>
    <ClInclude Include="Network\Packet.h">
      <Filter>Header Files\Network</Filter>
    </ClInclude>
    <ClInclude Include="Utils\ConsoleOutputManager.h">
      <Filter>Header Files\Utils</Filter>
    </ClInclude>
    <ClInclude Include="Utils\BufferHelper.h">
      <Filter>Header Files\Utils</Filter>
    </ClInclude>
    <ClInclude Include="Network\RioCore.h">
      <Filter>Header Files\Network\RIO</Filter>
    </ClInclude>
    <ClInclude Include="Network\RioServer.h">
      <Filter>Header Files\Network\RIO</Filter>
    </ClInclude>
    <ClInclude Include="Network\RioEvent.h">
      <Filter>Header Files\Network\RIO</Filter>
    </ClInclude>
    <ClInclude Include="Network\RioBuffer.h">
      <Filter>Header Files\Network\RIO</Filter>
    </ClInclude>
    <ClInclude Include="Thread\RWLock.h">
      <Filter>Header Files\Thread</Filter>
    </ClInclude>
    <ClInclude Include="Thread\ThreadManager.h">
      <Filter>Header Files\Thread</Filter>
    </ClInclude>
    <ClInclude Include="Network\RioSession.h">
      <Filter>Header Files\Network\RIO</Filter>
    </ClInclude>
    <ClInclude Include="Utils\LockUnorderedSet.h">
      <Filter>Header Files\Utils</Filter>
    </ClInclude>
    <ClInclude Include="Utils\Logger.h">
      <Filter>Header Files\Utils</Filter>
    </ClInclude>
    <ClInclude Include="Network\RingBuffer.h">
      <Filter>Header Files\Network</Filter>
    </ClInclude>
    <ClInclude Include="Network\RioSendBuffer.h">
      <Filter>Header Files\Network\RIO</Filter>
    </ClInclude>
    <ClInclude Include="Memory\ObjectPool.h">
      <Filter>Header Files\Memory</Filter>
    </ClInclude>
    <ClInclude Include="Memory\MemoryPool.h">
      <Filter>Header Files\Memory</Filter>
    </ClInclude>
    <ClInclude Include="Utils\LockMap.h">
      <Filter>Header Files\Utils</Filter>
    </ClInclude>
  </ItemGroup>
  <ItemGroup>
    <ClCompile Include="Common.cpp">
      <Filter>Source Files</Filter>
    </ClCompile>
    <ClCompile Include="CoreCommon.cpp">
      <Filter>Source Files</Filter>
    </ClCompile>
    <ClCompile Include="Network\SocketCore.cpp">
      <Filter>Source Files\Network</Filter>
    </ClCompile>
    <ClCompile Include="Network\SockAddress.cpp">
      <Filter>Source Files\Network</Filter>
    </ClCompile>
    <ClCompile Include="Network\IocpCore.cpp">
      <Filter>Source Files\Network\IOCP</Filter>
    </ClCompile>
    <ClCompile Include="Network\IocpEvent.cpp">
      <Filter>Source Files\Network\IOCP</Filter>
    </ClCompile>
    <ClCompile Include="Network\IocpListener.cpp">
      <Filter>Source Files\Network\IOCP</Filter>
    </ClCompile>
    <ClCompile Include="Network\IocpSession.cpp">
      <Filter>Source Files\Network\IOCP</Filter>
    </ClCompile>
    <ClCompile Include="Network\IocpServer.cpp">
      <Filter>Source Files\Network\IOCP</Filter>
    </ClCompile>
    <ClCompile Include="Network\RecvBuffer.cpp">
      <Filter>Source Files\Network</Filter>
    </ClCompile>
    <ClCompile Include="Network\IocpService.cpp">
      <Filter>Source Files\Network\IOCP</Filter>
    </ClCompile>
    <ClCompile Include="Network\IocpClient.cpp">
      <Filter>Source Files\Network\IOCP</Filter>
    </ClCompile>
    <ClCompile Include="Network\SendBuffer.cpp">
      <Filter>Source Files\Network</Filter>
    </ClCompile>
    <ClCompile Include="Utils\ConsoleOutputManager.cpp">
      <Filter>Source Files\Utils</Filter>
    </ClCompile>
    <ClCompile Include="Utils\BufferHelper.cpp">
      <Filter>Source Files\Utils</Filter>
    </ClCompile>
    <ClCompile Include="Network\RioCore.cpp">
      <Filter>Source Files\Network\RIO</Filter>
    </ClCompile>
    <ClCompile Include="Network\RioServer.cpp">
      <Filter>Source Files\Network\RIO</Filter>
    </ClCompile>
    <ClCompile Include="Network\RioSession.cpp">
      <Filter>Source Files\Network\RIO</Filter>
    </ClCompile>
    <ClCompile Include="Network\RioEvent.cpp">
      <Filter>Source Files\Network\RIO</Filter>
    </ClCompile>
    <ClCompile Include="Network\RioBuffer.cpp">
      <Filter>Source Files\Network\RIO</Filter>
    </ClCompile>
    <ClCompile Include="Thread\RWLock.cpp">
      <Filter>Source Files\Thread</Filter>
    </ClCompile>
    <ClCompile Include="Thread\ThreadManager.cpp">
      <Filter>Source Files\Thread</Filter>
    </ClCompile>
    <ClCompile Include="Utils\Logger.cpp">
      <Filter>Source Files\Utils</Filter>
    </ClCompile>
    <ClCompile Include="Network\RingBuffer.cpp">
      <Filter>Source Files\Network</Filter>
    </ClCompile>
    <ClCompile Include="Network\RioSendBuffer.cpp">
      <Filter>Source Files\Network\RIO</Filter>
    </ClCompile>
    <ClCompile Include="Memory\MemoryPool.cpp">
      <Filter>Source Files\Memory</Filter>
    </ClCompile>
  </ItemGroup>
</Project>